
Microsoft Visual Studio Solution File, Format Version 12.00
# Visual Studio Version 17
VisualStudioVersion = 17.2.32526.322
MinimumVisualStudioVersion = 10.0.40219.1
Project("{9A19103F-16F7-4668-BE54-9A1E7A4F7556}") = "Saucery", "Saucery\Saucery.csproj", "{81A83D2A-C00E-49EA-816D-9DE714704AD6}"
EndProject
Project("{2150E333-8FDC-42A3-9474-1A3956D46DE8}") = "Core", "Core", "{87A95FF4-63C4-4D19-97CE-DD904CF7C631}"
EndProject
Project("{2150E333-8FDC-42A3-9474-1A3956D46DE8}") = "Solution Items", "Solution Items", "{55213913-D55D-41EC-ADEC-F87672492ECB}"
	ProjectSection(SolutionItems) = preProject
		.github\workflows\pipeline.yml = .github\workflows\pipeline.yml
		.github\workflows\publish-core.yml = .github\workflows\publish-core.yml
		.github\workflows\publish-xunit.yml = .github\workflows\publish-xunit.yml
		.github\workflows\publish.yml = .github\workflows\publish.yml
		README.md = README.md
	EndProjectSection
EndProject
Project("{9A19103F-16F7-4668-BE54-9A1E7A4F7556}") = "Saucery.Core.Tests", "Saucery.Core.Tests\Saucery.Core.Tests.csproj", "{932385AE-EA11-44BB-A5C6-9ED9DFA3EFF4}"
EndProject
Project("{2150E333-8FDC-42A3-9474-1A3956D46DE8}") = "Testing", "Testing", "{34E82214-CDA9-4CD5-9AE6-A5DAD5411F5F}"
EndProject
Project("{9A19103F-16F7-4668-BE54-9A1E7A4F7556}") = "ExternalMerlin.NUnit", "ExternalMerlin.NUnit\ExternalMerlin.NUnit.csproj", "{74551FBC-AD70-4889-B567-A4F4FF46F2BF}"
EndProject
Project("{9A19103F-16F7-4668-BE54-9A1E7A4F7556}") = "Saucery.Core", "Saucery.Core\Saucery.Core.csproj", "{A16A6C7B-670D-4B82-99D6-AFE0EF140458}"
EndProject
Project("{2150E333-8FDC-42A3-9474-1A3956D46DE8}") = "FrontEnd", "FrontEnd", "{BB2F463B-7D69-4C48-B301-FCFCFA77439B}"
EndProject
Project("{2150E333-8FDC-42A3-9474-1A3956D46DE8}") = "NUnit", "NUnit", "{05DF8070-648C-4FBA-8576-D80A882C599C}"
EndProject
Project("{9A19103F-16F7-4668-BE54-9A1E7A4F7556}") = "Merlin.NUnit", "Merlin.NUnit\Merlin.NUnit.csproj", "{355840EE-B9DD-43F6-8FE9-D9C45A7BB53A}"
EndProject
Project("{2150E333-8FDC-42A3-9474-1A3956D46DE8}") = "Core", "Core", "{CF280516-B466-4694-B96B-09149CA9A5CF}"
EndProject
Project("{2150E333-8FDC-42A3-9474-1A3956D46DE8}") = "XUnit", "XUnit", "{17FFF611-BBBB-4B19-BEC2-5C6EFB68A358}"
EndProject
Project("{9A19103F-16F7-4668-BE54-9A1E7A4F7556}") = "Saucery.XUnit", "Saucery.XUnit\Saucery.XUnit.csproj", "{A606192B-8C20-4122-8506-51157BA39121}"
EndProject
Project("{2150E333-8FDC-42A3-9474-1A3956D46DE8}") = "Common", "Common", "{348E3876-64D8-4FED-84F1-978E3CDD8BE5}"
EndProject
Project("{9A19103F-16F7-4668-BE54-9A1E7A4F7556}") = "Saucery.Tests.Common", "Saucery.Tests.Common\Saucery.Tests.Common.csproj", "{8781400B-536C-4799-818C-F355B0B1B001}"
EndProject
Project("{9A19103F-16F7-4668-BE54-9A1E7A4F7556}") = "Merlin.XUnit", "Merlin.XUnit\Merlin.XUnit.csproj", "{A58CC05E-775D-4489-9357-3FDFBB1A9448}"
EndProject
Project("{9A19103F-16F7-4668-BE54-9A1E7A4F7556}") = "ExternalMerlin.XUnit", "ExternalMerlin.XUnit\ExternalMerlin.XUnit.csproj", "{0803A991-EB0F-4590-880E-914C488239FD}"
EndProject
Project("{9A19103F-16F7-4668-BE54-9A1E7A4F7556}") = "Merlin.Playwright.NUnit", "Merlin.Playwright.NUnit\Merlin.Playwright.NUnit.csproj", "{AC3DB92B-3C8C-4934-A6B4-2FCB00927C0B}"
EndProject
Project("{9A19103F-16F7-4668-BE54-9A1E7A4F7556}") = "Saucery.Playwright.NUnit", "Saucery.Playwright.NUnit\Saucery.Playwright.NUnit.csproj", "{26C4BFDA-2446-4F30-8D01-E23BD4640851}"
EndProject
Project("{9A19103F-16F7-4668-BE54-9A1E7A4F7556}") = "Merlin.NUnit.RealDevices", "Merlin.NUnit.RealDevices\Merlin.NUnit.RealDevices.csproj", "{A79F6D80-C732-4E07-9ECA-BF4668C66E05}"
EndProject
Project("{9A19103F-16F7-4668-BE54-9A1E7A4F7556}") = "Merlin.XUnit.RealDevices", "Merlin.XUnit.RealDevices\Merlin.XUnit.RealDevices.csproj", "{47B79C0D-CB5E-4158-B206-0A84517D0A82}"
EndProject
Project("{9A19103F-16F7-4668-BE54-9A1E7A4F7556}") = "ExternalMerlin.NUnit.RealDevices", "ExternalMerlin.NUnit.RealDevices\ExternalMerlin.NUnit.RealDevices.csproj", "{CAD43779-244B-4112-BEF1-0AB920F41F77}"
EndProject
Project("{9A19103F-16F7-4668-BE54-9A1E7A4F7556}") = "ExternalMerlin.XUnit.RealDevices", "ExternalMerlin.XUnit.RealDevices\ExternalMerlin.XUnit.RealDevices.csproj", "{937B6357-A96C-4B63-BE38-3A9DA703960E}"
EndProject
Global
	GlobalSection(SolutionConfigurationPlatforms) = preSolution
		Debug|Any CPU = Debug|Any CPU
		Release|Any CPU = Release|Any CPU
	EndGlobalSection
	GlobalSection(ProjectConfigurationPlatforms) = postSolution
		{81A83D2A-C00E-49EA-816D-9DE714704AD6}.Debug|Any CPU.ActiveCfg = Debug|Any CPU
		{81A83D2A-C00E-49EA-816D-9DE714704AD6}.Debug|Any CPU.Build.0 = Debug|Any CPU
		{81A83D2A-C00E-49EA-816D-9DE714704AD6}.Release|Any CPU.ActiveCfg = Release|Any CPU
		{81A83D2A-C00E-49EA-816D-9DE714704AD6}.Release|Any CPU.Build.0 = Release|Any CPU
		{932385AE-EA11-44BB-A5C6-9ED9DFA3EFF4}.Debug|Any CPU.ActiveCfg = Debug|Any CPU
		{932385AE-EA11-44BB-A5C6-9ED9DFA3EFF4}.Debug|Any CPU.Build.0 = Debug|Any CPU
		{932385AE-EA11-44BB-A5C6-9ED9DFA3EFF4}.Release|Any CPU.ActiveCfg = Release|Any CPU
		{932385AE-EA11-44BB-A5C6-9ED9DFA3EFF4}.Release|Any CPU.Build.0 = Release|Any CPU
		{74551FBC-AD70-4889-B567-A4F4FF46F2BF}.Debug|Any CPU.ActiveCfg = Debug|Any CPU
		{74551FBC-AD70-4889-B567-A4F4FF46F2BF}.Debug|Any CPU.Build.0 = Debug|Any CPU
		{74551FBC-AD70-4889-B567-A4F4FF46F2BF}.Release|Any CPU.ActiveCfg = Release|Any CPU
		{74551FBC-AD70-4889-B567-A4F4FF46F2BF}.Release|Any CPU.Build.0 = Release|Any CPU
		{A16A6C7B-670D-4B82-99D6-AFE0EF140458}.Debug|Any CPU.ActiveCfg = Debug|Any CPU
		{A16A6C7B-670D-4B82-99D6-AFE0EF140458}.Debug|Any CPU.Build.0 = Debug|Any CPU
		{A16A6C7B-670D-4B82-99D6-AFE0EF140458}.Release|Any CPU.ActiveCfg = Release|Any CPU
		{A16A6C7B-670D-4B82-99D6-AFE0EF140458}.Release|Any CPU.Build.0 = Release|Any CPU
		{355840EE-B9DD-43F6-8FE9-D9C45A7BB53A}.Debug|Any CPU.ActiveCfg = Debug|Any CPU
		{355840EE-B9DD-43F6-8FE9-D9C45A7BB53A}.Debug|Any CPU.Build.0 = Debug|Any CPU
		{355840EE-B9DD-43F6-8FE9-D9C45A7BB53A}.Release|Any CPU.ActiveCfg = Release|Any CPU
		{355840EE-B9DD-43F6-8FE9-D9C45A7BB53A}.Release|Any CPU.Build.0 = Release|Any CPU
		{A606192B-8C20-4122-8506-51157BA39121}.Debug|Any CPU.ActiveCfg = Debug|Any CPU
		{A606192B-8C20-4122-8506-51157BA39121}.Debug|Any CPU.Build.0 = Debug|Any CPU
		{A606192B-8C20-4122-8506-51157BA39121}.Release|Any CPU.ActiveCfg = Release|Any CPU
		{A606192B-8C20-4122-8506-51157BA39121}.Release|Any CPU.Build.0 = Release|Any CPU
		{8781400B-536C-4799-818C-F355B0B1B001}.Debug|Any CPU.ActiveCfg = Debug|Any CPU
		{8781400B-536C-4799-818C-F355B0B1B001}.Debug|Any CPU.Build.0 = Debug|Any CPU
		{8781400B-536C-4799-818C-F355B0B1B001}.Release|Any CPU.ActiveCfg = Release|Any CPU
		{8781400B-536C-4799-818C-F355B0B1B001}.Release|Any CPU.Build.0 = Release|Any CPU
		{A58CC05E-775D-4489-9357-3FDFBB1A9448}.Debug|Any CPU.ActiveCfg = Debug|Any CPU
		{A58CC05E-775D-4489-9357-3FDFBB1A9448}.Debug|Any CPU.Build.0 = Debug|Any CPU
		{A58CC05E-775D-4489-9357-3FDFBB1A9448}.Release|Any CPU.ActiveCfg = Release|Any CPU
		{A58CC05E-775D-4489-9357-3FDFBB1A9448}.Release|Any CPU.Build.0 = Release|Any CPU
		{0803A991-EB0F-4590-880E-914C488239FD}.Debug|Any CPU.ActiveCfg = Debug|Any CPU
		{0803A991-EB0F-4590-880E-914C488239FD}.Debug|Any CPU.Build.0 = Debug|Any CPU
		{0803A991-EB0F-4590-880E-914C488239FD}.Release|Any CPU.ActiveCfg = Release|Any CPU
		{0803A991-EB0F-4590-880E-914C488239FD}.Release|Any CPU.Build.0 = Release|Any CPU
		{AC3DB92B-3C8C-4934-A6B4-2FCB00927C0B}.Debug|Any CPU.ActiveCfg = Debug|Any CPU
		{AC3DB92B-3C8C-4934-A6B4-2FCB00927C0B}.Debug|Any CPU.Build.0 = Debug|Any CPU
		{AC3DB92B-3C8C-4934-A6B4-2FCB00927C0B}.Release|Any CPU.ActiveCfg = Release|Any CPU
		{AC3DB92B-3C8C-4934-A6B4-2FCB00927C0B}.Release|Any CPU.Build.0 = Release|Any CPU
		{26C4BFDA-2446-4F30-8D01-E23BD4640851}.Debug|Any CPU.ActiveCfg = Debug|Any CPU
		{26C4BFDA-2446-4F30-8D01-E23BD4640851}.Debug|Any CPU.Build.0 = Debug|Any CPU
		{26C4BFDA-2446-4F30-8D01-E23BD4640851}.Release|Any CPU.ActiveCfg = Release|Any CPU
		{26C4BFDA-2446-4F30-8D01-E23BD4640851}.Release|Any CPU.Build.0 = Release|Any CPU
		{A79F6D80-C732-4E07-9ECA-BF4668C66E05}.Debug|Any CPU.ActiveCfg = Debug|Any CPU
		{A79F6D80-C732-4E07-9ECA-BF4668C66E05}.Debug|Any CPU.Build.0 = Debug|Any CPU
		{A79F6D80-C732-4E07-9ECA-BF4668C66E05}.Release|Any CPU.ActiveCfg = Release|Any CPU
		{A79F6D80-C732-4E07-9ECA-BF4668C66E05}.Release|Any CPU.Build.0 = Release|Any CPU
		{47B79C0D-CB5E-4158-B206-0A84517D0A82}.Debug|Any CPU.ActiveCfg = Debug|Any CPU
		{47B79C0D-CB5E-4158-B206-0A84517D0A82}.Debug|Any CPU.Build.0 = Debug|Any CPU
		{47B79C0D-CB5E-4158-B206-0A84517D0A82}.Release|Any CPU.ActiveCfg = Release|Any CPU
		{47B79C0D-CB5E-4158-B206-0A84517D0A82}.Release|Any CPU.Build.0 = Release|Any CPU
		{CAD43779-244B-4112-BEF1-0AB920F41F77}.Debug|Any CPU.ActiveCfg = Debug|Any CPU
		{CAD43779-244B-4112-BEF1-0AB920F41F77}.Debug|Any CPU.Build.0 = Debug|Any CPU
		{CAD43779-244B-4112-BEF1-0AB920F41F77}.Release|Any CPU.ActiveCfg = Release|Any CPU
		{CAD43779-244B-4112-BEF1-0AB920F41F77}.Release|Any CPU.Build.0 = Release|Any CPU
		{937B6357-A96C-4B63-BE38-3A9DA703960E}.Debug|Any CPU.ActiveCfg = Debug|Any CPU
		{937B6357-A96C-4B63-BE38-3A9DA703960E}.Debug|Any CPU.Build.0 = Debug|Any CPU
		{937B6357-A96C-4B63-BE38-3A9DA703960E}.Release|Any CPU.ActiveCfg = Release|Any CPU
		{937B6357-A96C-4B63-BE38-3A9DA703960E}.Release|Any CPU.Build.0 = Release|Any CPU
	EndGlobalSection
	GlobalSection(SolutionProperties) = preSolution
		HideSolutionNode = FALSE
	EndGlobalSection
	GlobalSection(NestedProjects) = preSolution
		{81A83D2A-C00E-49EA-816D-9DE714704AD6} = {BB2F463B-7D69-4C48-B301-FCFCFA77439B}
		{932385AE-EA11-44BB-A5C6-9ED9DFA3EFF4} = {CF280516-B466-4694-B96B-09149CA9A5CF}
		{74551FBC-AD70-4889-B567-A4F4FF46F2BF} = {05DF8070-648C-4FBA-8576-D80A882C599C}
		{A16A6C7B-670D-4B82-99D6-AFE0EF140458} = {87A95FF4-63C4-4D19-97CE-DD904CF7C631}
		{05DF8070-648C-4FBA-8576-D80A882C599C} = {34E82214-CDA9-4CD5-9AE6-A5DAD5411F5F}
		{355840EE-B9DD-43F6-8FE9-D9C45A7BB53A} = {05DF8070-648C-4FBA-8576-D80A882C599C}
		{CF280516-B466-4694-B96B-09149CA9A5CF} = {34E82214-CDA9-4CD5-9AE6-A5DAD5411F5F}
		{17FFF611-BBBB-4B19-BEC2-5C6EFB68A358} = {34E82214-CDA9-4CD5-9AE6-A5DAD5411F5F}
		{A606192B-8C20-4122-8506-51157BA39121} = {BB2F463B-7D69-4C48-B301-FCFCFA77439B}
		{348E3876-64D8-4FED-84F1-978E3CDD8BE5} = {34E82214-CDA9-4CD5-9AE6-A5DAD5411F5F}
		{8781400B-536C-4799-818C-F355B0B1B001} = {348E3876-64D8-4FED-84F1-978E3CDD8BE5}
		{A58CC05E-775D-4489-9357-3FDFBB1A9448} = {17FFF611-BBBB-4B19-BEC2-5C6EFB68A358}
		{0803A991-EB0F-4590-880E-914C488239FD} = {17FFF611-BBBB-4B19-BEC2-5C6EFB68A358}
		{AC3DB92B-3C8C-4934-A6B4-2FCB00927C0B} = {05DF8070-648C-4FBA-8576-D80A882C599C}
		{26C4BFDA-2446-4F30-8D01-E23BD4640851} = {BB2F463B-7D69-4C48-B301-FCFCFA77439B}
		{A79F6D80-C732-4E07-9ECA-BF4668C66E05} = {05DF8070-648C-4FBA-8576-D80A882C599C}
		{47B79C0D-CB5E-4158-B206-0A84517D0A82} = {17FFF611-BBBB-4B19-BEC2-5C6EFB68A358}
		{CAD43779-244B-4112-BEF1-0AB920F41F77} = {05DF8070-648C-4FBA-8576-D80A882C599C}
		{937B6357-A96C-4B63-BE38-3A9DA703960E} = {17FFF611-BBBB-4B19-BEC2-5C6EFB68A358}
	EndGlobalSection
	GlobalSection(ExtensibilityGlobals) = postSolution
		SolutionGuid = {B287ECB9-947E-4E9C-B745-27048D5CC522}
	EndGlobalSection
EndGlobal
