
Microsoft Visual Studio Solution File, Format Version 12.00
# Visual Studio Version 18
VisualStudioVersion = 18.0.11205.157
MinimumVisualStudioVersion = 10.0.40219.1
Project("{9A19103F-16F7-4668-BE54-9A1E7A4F7556}") = "Saucery", "Saucery\Saucery.csproj", "{81A83D2A-C00E-49EA-816D-9DE714704AD6}"
EndProject
Project("{2150E333-8FDC-42A3-9474-1A3956D46DE8}") = "Core", "Core", "{87A95FF4-63C4-4D19-97CE-DD904CF7C631}"
EndProject
Project("{2150E333-8FDC-42A3-9474-1A3956D46DE8}") = "Solution Items", "Solution Items", "{55213913-D55D-41EC-ADEC-F87672492ECB}"
	ProjectSection(SolutionItems) = preProject
		.github\workflows\core-pipeline.yml = .github\workflows\core-pipeline.yml
		.github\dependabot.yml = .github\dependabot.yml
		.github\workflows\json-yaml-validate.yml = .github\workflows\json-yaml-validate.yml
		.github\workflows\nuget-total-downloads-badge.yml = .github\workflows\nuget-total-downloads-badge.yml
		badges\nuget-total-downloads.json = badges\nuget-total-downloads.json
		.github\workflows\nunit-pipeline-external.yml = .github\workflows\nunit-pipeline-external.yml
		.github\workflows\nunit-pipeline.yml = .github\workflows\nunit-pipeline.yml
		.github\workflows\pipeline.yml = .github\workflows\pipeline.yml
		.github\workflows\publish-core.yml = .github\workflows\publish-core.yml
		.github\workflows\publish-nunit.yml = .github\workflows\publish-nunit.yml
		.github\workflows\publish-tunit.yml = .github\workflows\publish-tunit.yml
		.github\workflows\publish-xunit.yml = .github\workflows\publish-xunit.yml
		.github\workflows\publish-xunit3.yml = .github\workflows\publish-xunit3.yml
		README.md = README.md
		.github\workflows\sync-and-commit-pipeline.yml = .github\workflows\sync-and-commit-pipeline.yml
		sync-package-versions.ps1 = sync-package-versions.ps1
		.github\workflows\tunit-pipeline-diagnostic.yml = .github\workflows\tunit-pipeline-diagnostic.yml
		.github\workflows\tunit-pipeline-external.yml = .github\workflows\tunit-pipeline-external.yml
		.github\workflows\tunit-pipeline.yml = .github\workflows\tunit-pipeline.yml
		.github\workflows\unit-test-only.yml = .github\workflows\unit-test-only.yml
		Update-NuGetNext-All.ps1 = Update-NuGetNext-All.ps1
		.github\workflows\xunit-pipeline-external.yml = .github\workflows\xunit-pipeline-external.yml
		.github\workflows\xunit-pipeline.yml = .github\workflows\xunit-pipeline.yml
		.github\workflows\xunit3-pipeline-external.yml = .github\workflows\xunit3-pipeline-external.yml
		.github\workflows\xunit3-pipeline.yml = .github\workflows\xunit3-pipeline.yml
	EndProjectSection
EndProject
Project("{9A19103F-16F7-4668-BE54-9A1E7A4F7556}") = "Saucery.Core.Tests", "Saucery.Core.Tests\Saucery.Core.Tests.csproj", "{932385AE-EA11-44BB-A5C6-9ED9DFA3EFF4}"
EndProject
Project("{2150E333-8FDC-42A3-9474-1A3956D46DE8}") = "Testing", "Testing", "{34E82214-CDA9-4CD5-9AE6-A5DAD5411F5F}"
EndProject
Project("{9A19103F-16F7-4668-BE54-9A1E7A4F7556}") = "ExternalMerlin.NUnit", "ExternalMerlin.NUnit\ExternalMerlin.NUnit.csproj", "{74551FBC-AD70-4889-B567-A4F4FF46F2BF}"
EndProject
Project("{9A19103F-16F7-4668-BE54-9A1E7A4F7556}") = "Saucery.Core", "Saucery.Core\Saucery.Core.csproj", "{A16A6C7B-670D-4B82-99D6-AFE0EF140458}"
EndProject
Project("{2150E333-8FDC-42A3-9474-1A3956D46DE8}") = "FrontEnd", "FrontEnd", "{BB2F463B-7D69-4C48-B301-FCFCFA77439B}"
EndProject
Project("{2150E333-8FDC-42A3-9474-1A3956D46DE8}") = "NUnit", "NUnit", "{05DF8070-648C-4FBA-8576-D80A882C599C}"
EndProject
Project("{9A19103F-16F7-4668-BE54-9A1E7A4F7556}") = "Merlin.NUnit", "Merlin.NUnit\Merlin.NUnit.csproj", "{355840EE-B9DD-43F6-8FE9-D9C45A7BB53A}"
EndProject
Project("{2150E333-8FDC-42A3-9474-1A3956D46DE8}") = "Core", "Core", "{CF280516-B466-4694-B96B-09149CA9A5CF}"
EndProject
Project("{2150E333-8FDC-42A3-9474-1A3956D46DE8}") = "XUnit", "XUnit", "{17FFF611-BBBB-4B19-BEC2-5C6EFB68A358}"
EndProject
Project("{9A19103F-16F7-4668-BE54-9A1E7A4F7556}") = "Saucery.XUnit", "Saucery.XUnit\Saucery.XUnit.csproj", "{A606192B-8C20-4122-8506-51157BA39121}"
EndProject
Project("{2150E333-8FDC-42A3-9474-1A3956D46DE8}") = "Common", "Common", "{348E3876-64D8-4FED-84F1-978E3CDD8BE5}"
EndProject
Project("{9A19103F-16F7-4668-BE54-9A1E7A4F7556}") = "Saucery.Tests.Common", "Saucery.Tests.Common\Saucery.Tests.Common.csproj", "{8781400B-536C-4799-818C-F355B0B1B001}"
EndProject
Project("{9A19103F-16F7-4668-BE54-9A1E7A4F7556}") = "Merlin.XUnit", "Merlin.XUnit\Merlin.XUnit.csproj", "{A58CC05E-775D-4489-9357-3FDFBB1A9448}"
EndProject
Project("{9A19103F-16F7-4668-BE54-9A1E7A4F7556}") = "ExternalMerlin.XUnit", "ExternalMerlin.XUnit\ExternalMerlin.XUnit.csproj", "{0803A991-EB0F-4590-880E-914C488239FD}"
EndProject
Project("{9A19103F-16F7-4668-BE54-9A1E7A4F7556}") = "Merlin.Playwright.NUnit", "Merlin.Playwright.NUnit\Merlin.Playwright.NUnit.csproj", "{AC3DB92B-3C8C-4934-A6B4-2FCB00927C0B}"
EndProject
Project("{9A19103F-16F7-4668-BE54-9A1E7A4F7556}") = "Saucery.Playwright.NUnit", "Saucery.Playwright.NUnit\Saucery.Playwright.NUnit.csproj", "{26C4BFDA-2446-4F30-8D01-E23BD4640851}"
EndProject
Project("{9A19103F-16F7-4668-BE54-9A1E7A4F7556}") = "Merlin.NUnit.RealDevices", "Merlin.NUnit.RealDevices\Merlin.NUnit.RealDevices.csproj", "{A79F6D80-C732-4E07-9ECA-BF4668C66E05}"
EndProject
Project("{9A19103F-16F7-4668-BE54-9A1E7A4F7556}") = "Merlin.XUnit.RealDevices", "Merlin.XUnit.RealDevices\Merlin.XUnit.RealDevices.csproj", "{47B79C0D-CB5E-4158-B206-0A84517D0A82}"
EndProject
Project("{9A19103F-16F7-4668-BE54-9A1E7A4F7556}") = "ExternalMerlin.NUnit.RealDevices", "ExternalMerlin.NUnit.RealDevices\ExternalMerlin.NUnit.RealDevices.csproj", "{CAD43779-244B-4112-BEF1-0AB920F41F77}"
EndProject
Project("{9A19103F-16F7-4668-BE54-9A1E7A4F7556}") = "ExternalMerlin.XUnit.RealDevices", "ExternalMerlin.XUnit.RealDevices\ExternalMerlin.XUnit.RealDevices.csproj", "{937B6357-A96C-4B63-BE38-3A9DA703960E}"
EndProject
Project("{FAE04EC0-301F-11D3-BF4B-00C04F79EFBC}") = "Saucery.TUnit", "Saucery.TUnit\Saucery.TUnit.csproj", "{291D78C1-3742-4979-AFB1-EF9841F8B7F8}"
EndProject
Project("{2150E333-8FDC-42A3-9474-1A3956D46DE8}") = "TUnit", "TUnit", "{B6394A10-FE50-410E-8217-697FC6688616}"
EndProject
Project("{FAE04EC0-301F-11D3-BF4B-00C04F79EFBC}") = "Merlin.TUnit", "Merlin.TUnit\Merlin.TUnit.csproj", "{A03D7285-BDBA-493B-82F4-23EC98C2A692}"
EndProject
Project("{FAE04EC0-301F-11D3-BF4B-00C04F79EFBC}") = "Merlin.TUnit.RealDevices", "Merlin.TUnit.RealDevices\Merlin.TUnit.RealDevices.csproj", "{7BDC77E0-14CA-4B1D-A61B-8C71D9056F14}"
EndProject
Project("{FAE04EC0-301F-11D3-BF4B-00C04F79EFBC}") = "ExternalMerlin.TUnit", "ExternalMerlin.TUnit\ExternalMerlin.TUnit.csproj", "{64B75EEC-FF07-409F-B9CB-0F9A028C9593}"
EndProject
Project("{FAE04EC0-301F-11D3-BF4B-00C04F79EFBC}") = "ExternalMerlin.TUnit.RealDevices", "ExternalMerlin.TUnit.RealDevices\ExternalMerlin.TUnit.RealDevices.csproj", "{B6AA08DF-C226-4572-9D7F-C7E5A6CC6C90}"
EndProject
Project("{2150E333-8FDC-42A3-9474-1A3956D46DE8}") = "Benchmark", "Benchmark", "{C619E424-C15A-40BF-A464-5BB2803BEBA3}"
EndProject
Project("{FAE04EC0-301F-11D3-BF4B-00C04F79EFBC}") = "Saucery.Benchmark", "Saucery.Benchmark\Saucery.Benchmark.csproj", "{C394E74B-52F9-47A7-8F3B-AC91F1F54EF2}"
EndProject
Project("{2150E333-8FDC-42A3-9474-1A3956D46DE8}") = "Templates", "Templates", "{02EA681E-C7D8-13C7-8484-4AC65E1B71E8}"
EndProject
Project("{2150E333-8FDC-42A3-9474-1A3956D46DE8}") = "XUnit3", "XUnit3", "{F92F11A9-75E8-4A75-828E-F9AD281CF34D}"
EndProject
Project("{FAE04EC0-301F-11D3-BF4B-00C04F79EFBC}") = "Merlin.XUnit3", "Merlin.XUnit3\Merlin.XUnit3.csproj", "{F4C8604D-341A-4C5D-99CD-D21BA345527D}"
EndProject
Project("{FAE04EC0-301F-11D3-BF4B-00C04F79EFBC}") = "Saucery.XUnit3", "Saucery.XUnit3\Saucery.XUnit3.csproj", "{48CCB660-6E13-020E-6D40-D360B6F8A9E0}"
EndProject
Project("{FAE04EC0-301F-11D3-BF4B-00C04F79EFBC}") = "Merlin.XUnit3.RealDevices", "Merlin.XUnit3.RealDevices\Merlin.XUnit3.RealDevices.csproj", "{837BCC43-22F1-CB5A-3FDC-7DBDD69B7100}"
EndProject
Project("{2150E333-8FDC-42A3-9474-1A3956D46DE8}") = "NUnit", "NUnit", "{784563EB-4394-4C8F-9C58-871307483D53}"
	ProjectSection(SolutionItems) = preProject
		Templates\NUnit\MyTestProject.csproj = Templates\NUnit\MyTestProject.csproj
		Templates\NUnit\NuGetIntegrationTests.cs = Templates\NUnit\NuGetIntegrationTests.cs
		Templates\NUnit\RequestedPlatformData.cs = Templates\NUnit\RequestedPlatformData.cs
		Templates\NUnit\.template.config\template.json = Templates\NUnit\.template.config\template.json
	EndProjectSection
EndProject
Project("{FAE04EC0-301F-11D3-BF4B-00C04F79EFBC}") = "ExternalMerlin.XUnit3", "ExternalMerlin.XUnit3\ExternalMerlin.XUnit3.csproj", "{B8B8D7B8-C39D-4C0B-B9D3-CD080D08A611}"
EndProject
Project("{FAE04EC0-301F-11D3-BF4B-00C04F79EFBC}") = "ExternalMerlin.XUnit3.RealDevices", "ExternalMerlin.XUnit3.RealDevices\ExternalMerlin.XUnit3.RealDevices.csproj", "{9C1F3863-212F-43B6-A51C-A2B1FF565A95}"
EndProject
Project("{FAE04EC0-301F-11D3-BF4B-00C04F79EFBC}") = "Template.Tests", "Template.Tests\Template.Tests.csproj", "{A0651925-743E-4C7C-A531-14FA9D43EC8D}"
EndProject
Project("{2150E333-8FDC-42A3-9474-1A3956D46DE8}") = "PageObjects", "PageObjects", "{191A9F29-E5B6-468A-90D8-543C745C097C}"
	ProjectSection(SolutionItems) = preProject
		Templates\NUnit\PageObjects\GuineaPigPage.cs = Templates\NUnit\PageObjects\GuineaPigPage.cs
	EndProjectSection
EndProject
Project("{2150E333-8FDC-42A3-9474-1A3956D46DE8}") = "XUnit", "XUnit", "{9AFD0EE5-7104-4BEB-B195-A88DAEC2276F}"
	ProjectSection(SolutionItems) = preProject
		Templates\XUnit\ClickLinkTests.cs = Templates\XUnit\ClickLinkTests.cs
		Templates\XUnit\DataDrivenTests.cs = Templates\XUnit\DataDrivenTests.cs
		Templates\XUnit\MyTestProject.csproj = Templates\XUnit\MyTestProject.csproj
		Templates\XUnit\RequestedPlatformData.cs = Templates\XUnit\RequestedPlatformData.cs
		Templates\XUnit\.template.config\template.json = Templates\XUnit\.template.config\template.json
		Templates\XUnit\Usings.cs = Templates\XUnit\Usings.cs
	EndProjectSection
EndProject
Project("{2150E333-8FDC-42A3-9474-1A3956D46DE8}") = "PageObjects", "PageObjects", "{57287105-4276-4398-8187-92C038139028}"
	ProjectSection(SolutionItems) = preProject
		Templates\XUnit\PageObjects\GuineaPigPage.cs = Templates\XUnit\PageObjects\GuineaPigPage.cs
	EndProjectSection
EndProject
Project("{2150E333-8FDC-42A3-9474-1A3956D46DE8}") = "TUnit", "TUnit", "{EA9B5142-2BC9-42D1-9251-567535D4AC23}"
	ProjectSection(SolutionItems) = preProject
		Templates\TUnit\ClickLinkTests.cs = Templates\TUnit\ClickLinkTests.cs
		Templates\TUnit\DataDrivenTests.cs = Templates\TUnit\DataDrivenTests.cs
		Templates\TUnit\MyParallelLimit.cs = Templates\TUnit\MyParallelLimit.cs
		Templates\TUnit\MyTestProject.csproj = Templates\TUnit\MyTestProject.csproj
		Templates\TUnit\RequestedPlatformData.cs = Templates\TUnit\RequestedPlatformData.cs
		Templates\TUnit\.template.config\template.json = Templates\TUnit\.template.config\template.json
	EndProjectSection
EndProject
Project("{2150E333-8FDC-42A3-9474-1A3956D46DE8}") = "PageObjects", "PageObjects", "{DC9E431C-A315-4DFF-96D2-8B49417599E7}"
	ProjectSection(SolutionItems) = preProject
		Templates\TUnit\PageObjects\GuineaPigPage.cs = Templates\TUnit\PageObjects\GuineaPigPage.cs
	EndProjectSection
EndProject
Project("{2150E333-8FDC-42A3-9474-1A3956D46DE8}") = "XUnit3", "XUnit3", "{828B3618-3800-4F3E-8DA9-A08A91678B31}"
	ProjectSection(SolutionItems) = preProject
		Templates\XUnit3\ClickLinkTests.cs = Templates\XUnit3\ClickLinkTests.cs
		Templates\XUnit3\DataDrivenTests.cs = Templates\XUnit3\DataDrivenTests.cs
		Templates\XUnit3\MyTestProject.csproj = Templates\XUnit3\MyTestProject.csproj
		Templates\XUnit3\RequestedPlatformData.cs = Templates\XUnit3\RequestedPlatformData.cs
		Templates\XUnit3\.template.config\template.json = Templates\XUnit3\.template.config\template.json
		Templates\XUnit3\Usings.cs = Templates\XUnit3\Usings.cs
		Templates\XUnit3\xunit.runner.json = Templates\XUnit3\xunit.runner.json
	EndProjectSection
EndProject
Project("{2150E333-8FDC-42A3-9474-1A3956D46DE8}") = "PageObjects", "PageObjects", "{2AC6B766-4BE7-495B-B3F6-E24A6F09DC60}"
	ProjectSection(SolutionItems) = preProject
		Templates\XUnit3\PageObjects\GuineaPigPage.cs = Templates\XUnit3\PageObjects\GuineaPigPage.cs
	EndProjectSection
EndProject
Project("{2150E333-8FDC-42A3-9474-1A3956D46DE8}") = "Tools", "Tools", "{578CF1EC-B10D-4D10-B1FE-C3028C375492}"
EndProject
Project("{FAE04EC0-301F-11D3-BF4B-00C04F79EFBC}") = "NuGetDownloadsBadge.Console", "NuGetDownloadsBadge.Console\NuGetDownloadsBadge.Console.csproj", "{A9325807-1F9C-4EE1-8E42-5C147F7B5183}"
EndProject
Global
	GlobalSection(SolutionConfigurationPlatforms) = preSolution
		Debug|Any CPU = Debug|Any CPU
		Release|Any CPU = Release|Any CPU
	EndGlobalSection
	GlobalSection(ProjectConfigurationPlatforms) = postSolution
		{81A83D2A-C00E-49EA-816D-9DE714704AD6}.Debug|Any CPU.ActiveCfg = Debug|Any CPU
		{81A83D2A-C00E-49EA-816D-9DE714704AD6}.Debug|Any CPU.Build.0 = Debug|Any CPU
		{81A83D2A-C00E-49EA-816D-9DE714704AD6}.Release|Any CPU.ActiveCfg = Release|Any CPU
		{81A83D2A-C00E-49EA-816D-9DE714704AD6}.Release|Any CPU.Build.0 = Release|Any CPU
		{932385AE-EA11-44BB-A5C6-9ED9DFA3EFF4}.Debug|Any CPU.ActiveCfg = Debug|Any CPU
		{932385AE-EA11-44BB-A5C6-9ED9DFA3EFF4}.Debug|Any CPU.Build.0 = Debug|Any CPU
		{932385AE-EA11-44BB-A5C6-9ED9DFA3EFF4}.Release|Any CPU.ActiveCfg = Release|Any CPU
		{932385AE-EA11-44BB-A5C6-9ED9DFA3EFF4}.Release|Any CPU.Build.0 = Release|Any CPU
		{74551FBC-AD70-4889-B567-A4F4FF46F2BF}.Debug|Any CPU.ActiveCfg = Debug|Any CPU
		{74551FBC-AD70-4889-B567-A4F4FF46F2BF}.Debug|Any CPU.Build.0 = Debug|Any CPU
		{74551FBC-AD70-4889-B567-A4F4FF46F2BF}.Release|Any CPU.ActiveCfg = Release|Any CPU
		{74551FBC-AD70-4889-B567-A4F4FF46F2BF}.Release|Any CPU.Build.0 = Release|Any CPU
		{A16A6C7B-670D-4B82-99D6-AFE0EF140458}.Debug|Any CPU.ActiveCfg = Debug|Any CPU
		{A16A6C7B-670D-4B82-99D6-AFE0EF140458}.Debug|Any CPU.Build.0 = Debug|Any CPU
		{A16A6C7B-670D-4B82-99D6-AFE0EF140458}.Release|Any CPU.ActiveCfg = Release|Any CPU
		{A16A6C7B-670D-4B82-99D6-AFE0EF140458}.Release|Any CPU.Build.0 = Release|Any CPU
		{355840EE-B9DD-43F6-8FE9-D9C45A7BB53A}.Debug|Any CPU.ActiveCfg = Debug|Any CPU
		{355840EE-B9DD-43F6-8FE9-D9C45A7BB53A}.Debug|Any CPU.Build.0 = Debug|Any CPU
		{355840EE-B9DD-43F6-8FE9-D9C45A7BB53A}.Release|Any CPU.ActiveCfg = Release|Any CPU
		{355840EE-B9DD-43F6-8FE9-D9C45A7BB53A}.Release|Any CPU.Build.0 = Release|Any CPU
		{A606192B-8C20-4122-8506-51157BA39121}.Debug|Any CPU.ActiveCfg = Debug|Any CPU
		{A606192B-8C20-4122-8506-51157BA39121}.Debug|Any CPU.Build.0 = Debug|Any CPU
		{A606192B-8C20-4122-8506-51157BA39121}.Release|Any CPU.ActiveCfg = Release|Any CPU
		{A606192B-8C20-4122-8506-51157BA39121}.Release|Any CPU.Build.0 = Release|Any CPU
		{8781400B-536C-4799-818C-F355B0B1B001}.Debug|Any CPU.ActiveCfg = Debug|Any CPU
		{8781400B-536C-4799-818C-F355B0B1B001}.Debug|Any CPU.Build.0 = Debug|Any CPU
		{8781400B-536C-4799-818C-F355B0B1B001}.Release|Any CPU.ActiveCfg = Release|Any CPU
		{8781400B-536C-4799-818C-F355B0B1B001}.Release|Any CPU.Build.0 = Release|Any CPU
		{A58CC05E-775D-4489-9357-3FDFBB1A9448}.Debug|Any CPU.ActiveCfg = Debug|Any CPU
		{A58CC05E-775D-4489-9357-3FDFBB1A9448}.Debug|Any CPU.Build.0 = Debug|Any CPU
		{A58CC05E-775D-4489-9357-3FDFBB1A9448}.Release|Any CPU.ActiveCfg = Release|Any CPU
		{A58CC05E-775D-4489-9357-3FDFBB1A9448}.Release|Any CPU.Build.0 = Release|Any CPU
		{0803A991-EB0F-4590-880E-914C488239FD}.Debug|Any CPU.ActiveCfg = Debug|Any CPU
		{0803A991-EB0F-4590-880E-914C488239FD}.Debug|Any CPU.Build.0 = Debug|Any CPU
		{0803A991-EB0F-4590-880E-914C488239FD}.Release|Any CPU.ActiveCfg = Release|Any CPU
		{0803A991-EB0F-4590-880E-914C488239FD}.Release|Any CPU.Build.0 = Release|Any CPU
		{AC3DB92B-3C8C-4934-A6B4-2FCB00927C0B}.Debug|Any CPU.ActiveCfg = Debug|Any CPU
		{AC3DB92B-3C8C-4934-A6B4-2FCB00927C0B}.Debug|Any CPU.Build.0 = Debug|Any CPU
		{AC3DB92B-3C8C-4934-A6B4-2FCB00927C0B}.Release|Any CPU.ActiveCfg = Release|Any CPU
		{AC3DB92B-3C8C-4934-A6B4-2FCB00927C0B}.Release|Any CPU.Build.0 = Release|Any CPU
		{26C4BFDA-2446-4F30-8D01-E23BD4640851}.Debug|Any CPU.ActiveCfg = Debug|Any CPU
		{26C4BFDA-2446-4F30-8D01-E23BD4640851}.Debug|Any CPU.Build.0 = Debug|Any CPU
		{26C4BFDA-2446-4F30-8D01-E23BD4640851}.Release|Any CPU.ActiveCfg = Release|Any CPU
		{26C4BFDA-2446-4F30-8D01-E23BD4640851}.Release|Any CPU.Build.0 = Release|Any CPU
		{A79F6D80-C732-4E07-9ECA-BF4668C66E05}.Debug|Any CPU.ActiveCfg = Debug|Any CPU
		{A79F6D80-C732-4E07-9ECA-BF4668C66E05}.Debug|Any CPU.Build.0 = Debug|Any CPU
		{A79F6D80-C732-4E07-9ECA-BF4668C66E05}.Release|Any CPU.ActiveCfg = Release|Any CPU
		{A79F6D80-C732-4E07-9ECA-BF4668C66E05}.Release|Any CPU.Build.0 = Release|Any CPU
		{47B79C0D-CB5E-4158-B206-0A84517D0A82}.Debug|Any CPU.ActiveCfg = Debug|Any CPU
		{47B79C0D-CB5E-4158-B206-0A84517D0A82}.Debug|Any CPU.Build.0 = Debug|Any CPU
		{47B79C0D-CB5E-4158-B206-0A84517D0A82}.Release|Any CPU.ActiveCfg = Release|Any CPU
		{47B79C0D-CB5E-4158-B206-0A84517D0A82}.Release|Any CPU.Build.0 = Release|Any CPU
		{CAD43779-244B-4112-BEF1-0AB920F41F77}.Debug|Any CPU.ActiveCfg = Debug|Any CPU
		{CAD43779-244B-4112-BEF1-0AB920F41F77}.Debug|Any CPU.Build.0 = Debug|Any CPU
		{CAD43779-244B-4112-BEF1-0AB920F41F77}.Release|Any CPU.ActiveCfg = Release|Any CPU
		{CAD43779-244B-4112-BEF1-0AB920F41F77}.Release|Any CPU.Build.0 = Release|Any CPU
		{937B6357-A96C-4B63-BE38-3A9DA703960E}.Debug|Any CPU.ActiveCfg = Debug|Any CPU
		{937B6357-A96C-4B63-BE38-3A9DA703960E}.Debug|Any CPU.Build.0 = Debug|Any CPU
		{937B6357-A96C-4B63-BE38-3A9DA703960E}.Release|Any CPU.ActiveCfg = Release|Any CPU
		{937B6357-A96C-4B63-BE38-3A9DA703960E}.Release|Any CPU.Build.0 = Release|Any CPU
		{291D78C1-3742-4979-AFB1-EF9841F8B7F8}.Debug|Any CPU.ActiveCfg = Debug|Any CPU
		{291D78C1-3742-4979-AFB1-EF9841F8B7F8}.Debug|Any CPU.Build.0 = Debug|Any CPU
		{291D78C1-3742-4979-AFB1-EF9841F8B7F8}.Release|Any CPU.ActiveCfg = Release|Any CPU
		{291D78C1-3742-4979-AFB1-EF9841F8B7F8}.Release|Any CPU.Build.0 = Release|Any CPU
		{A03D7285-BDBA-493B-82F4-23EC98C2A692}.Debug|Any CPU.ActiveCfg = Debug|Any CPU
		{A03D7285-BDBA-493B-82F4-23EC98C2A692}.Debug|Any CPU.Build.0 = Debug|Any CPU
		{A03D7285-BDBA-493B-82F4-23EC98C2A692}.Release|Any CPU.ActiveCfg = Release|Any CPU
		{A03D7285-BDBA-493B-82F4-23EC98C2A692}.Release|Any CPU.Build.0 = Release|Any CPU
		{7BDC77E0-14CA-4B1D-A61B-8C71D9056F14}.Debug|Any CPU.ActiveCfg = Debug|Any CPU
		{7BDC77E0-14CA-4B1D-A61B-8C71D9056F14}.Debug|Any CPU.Build.0 = Debug|Any CPU
		{7BDC77E0-14CA-4B1D-A61B-8C71D9056F14}.Release|Any CPU.ActiveCfg = Release|Any CPU
		{7BDC77E0-14CA-4B1D-A61B-8C71D9056F14}.Release|Any CPU.Build.0 = Release|Any CPU
		{64B75EEC-FF07-409F-B9CB-0F9A028C9593}.Debug|Any CPU.ActiveCfg = Debug|Any CPU
		{64B75EEC-FF07-409F-B9CB-0F9A028C9593}.Debug|Any CPU.Build.0 = Debug|Any CPU
		{64B75EEC-FF07-409F-B9CB-0F9A028C9593}.Release|Any CPU.ActiveCfg = Release|Any CPU
		{64B75EEC-FF07-409F-B9CB-0F9A028C9593}.Release|Any CPU.Build.0 = Release|Any CPU
		{B6AA08DF-C226-4572-9D7F-C7E5A6CC6C90}.Debug|Any CPU.ActiveCfg = Debug|Any CPU
		{B6AA08DF-C226-4572-9D7F-C7E5A6CC6C90}.Debug|Any CPU.Build.0 = Debug|Any CPU
		{B6AA08DF-C226-4572-9D7F-C7E5A6CC6C90}.Release|Any CPU.ActiveCfg = Release|Any CPU
		{B6AA08DF-C226-4572-9D7F-C7E5A6CC6C90}.Release|Any CPU.Build.0 = Release|Any CPU
		{C394E74B-52F9-47A7-8F3B-AC91F1F54EF2}.Debug|Any CPU.ActiveCfg = Debug|Any CPU
		{C394E74B-52F9-47A7-8F3B-AC91F1F54EF2}.Debug|Any CPU.Build.0 = Debug|Any CPU
		{C394E74B-52F9-47A7-8F3B-AC91F1F54EF2}.Release|Any CPU.ActiveCfg = Release|Any CPU
		{C394E74B-52F9-47A7-8F3B-AC91F1F54EF2}.Release|Any CPU.Build.0 = Release|Any CPU
		{F4C8604D-341A-4C5D-99CD-D21BA345527D}.Debug|Any CPU.ActiveCfg = Debug|Any CPU
		{F4C8604D-341A-4C5D-99CD-D21BA345527D}.Debug|Any CPU.Build.0 = Debug|Any CPU
		{F4C8604D-341A-4C5D-99CD-D21BA345527D}.Release|Any CPU.ActiveCfg = Release|Any CPU
		{F4C8604D-341A-4C5D-99CD-D21BA345527D}.Release|Any CPU.Build.0 = Release|Any CPU
		{48CCB660-6E13-020E-6D40-D360B6F8A9E0}.Debug|Any CPU.ActiveCfg = Debug|Any CPU
		{48CCB660-6E13-020E-6D40-D360B6F8A9E0}.Debug|Any CPU.Build.0 = Debug|Any CPU
		{48CCB660-6E13-020E-6D40-D360B6F8A9E0}.Release|Any CPU.ActiveCfg = Release|Any CPU
		{48CCB660-6E13-020E-6D40-D360B6F8A9E0}.Release|Any CPU.Build.0 = Release|Any CPU
		{837BCC43-22F1-CB5A-3FDC-7DBDD69B7100}.Debug|Any CPU.ActiveCfg = Debug|Any CPU
		{837BCC43-22F1-CB5A-3FDC-7DBDD69B7100}.Debug|Any CPU.Build.0 = Debug|Any CPU
		{837BCC43-22F1-CB5A-3FDC-7DBDD69B7100}.Release|Any CPU.ActiveCfg = Release|Any CPU
		{837BCC43-22F1-CB5A-3FDC-7DBDD69B7100}.Release|Any CPU.Build.0 = Release|Any CPU
		{B8B8D7B8-C39D-4C0B-B9D3-CD080D08A611}.Debug|Any CPU.ActiveCfg = Debug|Any CPU
		{B8B8D7B8-C39D-4C0B-B9D3-CD080D08A611}.Debug|Any CPU.Build.0 = Debug|Any CPU
		{B8B8D7B8-C39D-4C0B-B9D3-CD080D08A611}.Release|Any CPU.ActiveCfg = Release|Any CPU
		{B8B8D7B8-C39D-4C0B-B9D3-CD080D08A611}.Release|Any CPU.Build.0 = Release|Any CPU
		{9C1F3863-212F-43B6-A51C-A2B1FF565A95}.Debug|Any CPU.ActiveCfg = Debug|Any CPU
		{9C1F3863-212F-43B6-A51C-A2B1FF565A95}.Debug|Any CPU.Build.0 = Debug|Any CPU
		{9C1F3863-212F-43B6-A51C-A2B1FF565A95}.Release|Any CPU.ActiveCfg = Release|Any CPU
		{9C1F3863-212F-43B6-A51C-A2B1FF565A95}.Release|Any CPU.Build.0 = Release|Any CPU
		{A0651925-743E-4C7C-A531-14FA9D43EC8D}.Debug|Any CPU.ActiveCfg = Debug|Any CPU
		{A0651925-743E-4C7C-A531-14FA9D43EC8D}.Debug|Any CPU.Build.0 = Debug|Any CPU
		{A0651925-743E-4C7C-A531-14FA9D43EC8D}.Release|Any CPU.ActiveCfg = Release|Any CPU
		{A0651925-743E-4C7C-A531-14FA9D43EC8D}.Release|Any CPU.Build.0 = Release|Any CPU
		{A9325807-1F9C-4EE1-8E42-5C147F7B5183}.Debug|Any CPU.ActiveCfg = Debug|Any CPU
		{A9325807-1F9C-4EE1-8E42-5C147F7B5183}.Debug|Any CPU.Build.0 = Debug|Any CPU
		{A9325807-1F9C-4EE1-8E42-5C147F7B5183}.Release|Any CPU.ActiveCfg = Release|Any CPU
		{A9325807-1F9C-4EE1-8E42-5C147F7B5183}.Release|Any CPU.Build.0 = Release|Any CPU
	EndGlobalSection
	GlobalSection(SolutionProperties) = preSolution
		HideSolutionNode = FALSE
	EndGlobalSection
	GlobalSection(NestedProjects) = preSolution
		{81A83D2A-C00E-49EA-816D-9DE714704AD6} = {BB2F463B-7D69-4C48-B301-FCFCFA77439B}
		{932385AE-EA11-44BB-A5C6-9ED9DFA3EFF4} = {CF280516-B466-4694-B96B-09149CA9A5CF}
		{74551FBC-AD70-4889-B567-A4F4FF46F2BF} = {05DF8070-648C-4FBA-8576-D80A882C599C}
		{A16A6C7B-670D-4B82-99D6-AFE0EF140458} = {87A95FF4-63C4-4D19-97CE-DD904CF7C631}
		{05DF8070-648C-4FBA-8576-D80A882C599C} = {34E82214-CDA9-4CD5-9AE6-A5DAD5411F5F}
		{355840EE-B9DD-43F6-8FE9-D9C45A7BB53A} = {05DF8070-648C-4FBA-8576-D80A882C599C}
		{CF280516-B466-4694-B96B-09149CA9A5CF} = {34E82214-CDA9-4CD5-9AE6-A5DAD5411F5F}
		{17FFF611-BBBB-4B19-BEC2-5C6EFB68A358} = {34E82214-CDA9-4CD5-9AE6-A5DAD5411F5F}
		{A606192B-8C20-4122-8506-51157BA39121} = {BB2F463B-7D69-4C48-B301-FCFCFA77439B}
		{348E3876-64D8-4FED-84F1-978E3CDD8BE5} = {34E82214-CDA9-4CD5-9AE6-A5DAD5411F5F}
		{8781400B-536C-4799-818C-F355B0B1B001} = {348E3876-64D8-4FED-84F1-978E3CDD8BE5}
		{A58CC05E-775D-4489-9357-3FDFBB1A9448} = {17FFF611-BBBB-4B19-BEC2-5C6EFB68A358}
		{0803A991-EB0F-4590-880E-914C488239FD} = {17FFF611-BBBB-4B19-BEC2-5C6EFB68A358}
		{AC3DB92B-3C8C-4934-A6B4-2FCB00927C0B} = {05DF8070-648C-4FBA-8576-D80A882C599C}
		{26C4BFDA-2446-4F30-8D01-E23BD4640851} = {BB2F463B-7D69-4C48-B301-FCFCFA77439B}
		{A79F6D80-C732-4E07-9ECA-BF4668C66E05} = {05DF8070-648C-4FBA-8576-D80A882C599C}
		{47B79C0D-CB5E-4158-B206-0A84517D0A82} = {17FFF611-BBBB-4B19-BEC2-5C6EFB68A358}
		{CAD43779-244B-4112-BEF1-0AB920F41F77} = {05DF8070-648C-4FBA-8576-D80A882C599C}
		{937B6357-A96C-4B63-BE38-3A9DA703960E} = {17FFF611-BBBB-4B19-BEC2-5C6EFB68A358}
		{291D78C1-3742-4979-AFB1-EF9841F8B7F8} = {BB2F463B-7D69-4C48-B301-FCFCFA77439B}
		{B6394A10-FE50-410E-8217-697FC6688616} = {34E82214-CDA9-4CD5-9AE6-A5DAD5411F5F}
		{A03D7285-BDBA-493B-82F4-23EC98C2A692} = {B6394A10-FE50-410E-8217-697FC6688616}
		{7BDC77E0-14CA-4B1D-A61B-8C71D9056F14} = {B6394A10-FE50-410E-8217-697FC6688616}
		{64B75EEC-FF07-409F-B9CB-0F9A028C9593} = {B6394A10-FE50-410E-8217-697FC6688616}
		{B6AA08DF-C226-4572-9D7F-C7E5A6CC6C90} = {B6394A10-FE50-410E-8217-697FC6688616}
		{C394E74B-52F9-47A7-8F3B-AC91F1F54EF2} = {C619E424-C15A-40BF-A464-5BB2803BEBA3}
		{F92F11A9-75E8-4A75-828E-F9AD281CF34D} = {34E82214-CDA9-4CD5-9AE6-A5DAD5411F5F}
		{F4C8604D-341A-4C5D-99CD-D21BA345527D} = {F92F11A9-75E8-4A75-828E-F9AD281CF34D}
		{48CCB660-6E13-020E-6D40-D360B6F8A9E0} = {BB2F463B-7D69-4C48-B301-FCFCFA77439B}
		{837BCC43-22F1-CB5A-3FDC-7DBDD69B7100} = {F92F11A9-75E8-4A75-828E-F9AD281CF34D}
		{784563EB-4394-4C8F-9C58-871307483D53} = {02EA681E-C7D8-13C7-8484-4AC65E1B71E8}
		{B8B8D7B8-C39D-4C0B-B9D3-CD080D08A611} = {F92F11A9-75E8-4A75-828E-F9AD281CF34D}
		{9C1F3863-212F-43B6-A51C-A2B1FF565A95} = {F92F11A9-75E8-4A75-828E-F9AD281CF34D}
		{A0651925-743E-4C7C-A531-14FA9D43EC8D} = {CF280516-B466-4694-B96B-09149CA9A5CF}
		{191A9F29-E5B6-468A-90D8-543C745C097C} = {784563EB-4394-4C8F-9C58-871307483D53}
		{9AFD0EE5-7104-4BEB-B195-A88DAEC2276F} = {02EA681E-C7D8-13C7-8484-4AC65E1B71E8}
		{57287105-4276-4398-8187-92C038139028} = {9AFD0EE5-7104-4BEB-B195-A88DAEC2276F}
		{EA9B5142-2BC9-42D1-9251-567535D4AC23} = {02EA681E-C7D8-13C7-8484-4AC65E1B71E8}
		{DC9E431C-A315-4DFF-96D2-8B49417599E7} = {EA9B5142-2BC9-42D1-9251-567535D4AC23}
		{828B3618-3800-4F3E-8DA9-A08A91678B31} = {02EA681E-C7D8-13C7-8484-4AC65E1B71E8}
		{2AC6B766-4BE7-495B-B3F6-E24A6F09DC60} = {828B3618-3800-4F3E-8DA9-A08A91678B31}
		{A9325807-1F9C-4EE1-8E42-5C147F7B5183} = {578CF1EC-B10D-4D10-B1FE-C3028C375492}
	EndGlobalSection
	GlobalSection(ExtensibilityGlobals) = postSolution
		SolutionGuid = {B287ECB9-947E-4E9C-B745-27048D5CC522}
	EndGlobalSection
EndGlobal
