Microsoft Visual Studio Solution File, Format Version 12.00
# Visual Studio Version 17
VisualStudioVersion = 17.0.0.0
MinimumVisualStudioVersion = 10.0.40219.1
Project("{FAE04EC0-301F-11D3-BF4B-00C04F79EFBC}") = "Saucery.FrameworkOnly.Workload", "Saucery.FrameworkOnly.Workload\Saucery.FrameworkOnly.Workload.csproj", "{A4E3E3C1-6C7A-4EE1-9B66-0B0E61B2E4B1}"
EndProject
Project("{FAE04EC0-301F-11D3-BF4B-00C04F79EFBC}") = "Saucery.FrameworkOnly.Tests.NUnit", "Saucery.FrameworkOnly.Tests.NUnit\Saucery.FrameworkOnly.Tests.NUnit.csproj", "{84E6E4A3-152D-4F2D-A9D7-5FE63E2FCA03}"
EndProject
Project("{FAE04EC0-301F-11D3-BF4B-00C04F79EFBC}") = "Saucery.FrameworkOnly.Tests.XUnit2", "Saucery.FrameworkOnly.Tests.XUnit2\Saucery.FrameworkOnly.Tests.XUnit2.csproj", "{E52A0E0B-5F1F-4C07-A4A3-08C5A9FEC5F2}"
EndProject
Project("{FAE04EC0-301F-11D3-BF4B-00C04F79EFBC}") = "Saucery.FrameworkOnly.Tests.XUnit3", "Saucery.FrameworkOnly.Tests.XUnit3\Saucery.FrameworkOnly.Tests.XUnit3.csproj", "{1A6D7DF0-6B7B-4CBE-8EE2-142B9B3A68A4}"
EndProject
Project("{FAE04EC0-301F-11D3-BF4B-00C04F79EFBC}") = "Saucery.FrameworkOnly.Microbench", "Saucery.FrameworkOnly.Microbench\Saucery.FrameworkOnly.Microbench.csproj", "{0F5A3A4C-4E2F-4E4D-8D5A-0B74510C7E2B}"
EndProject
Global
  GlobalSection(SolutionConfigurationPlatforms) = preSolution
    Debug|Any CPU = Debug|Any CPU
    Release|Any CPU = Release|Any CPU
  EndGlobalSection
  GlobalSection(ProjectConfigurationPlatforms) = postSolution
    {A4E3E3C1-6C7A-4EE1-9B66-0B0E61B2E4B1}.Debug|Any CPU.ActiveCfg = Debug|Any CPU
    {A4E3E3C1-6C7A-4EE1-9B66-0B0E61B2E4B1}.Debug|Any CPU.Build.0 = Debug|Any CPU
    {A4E3E3C1-6C7A-4EE1-9B66-0B0E61B2E4B1}.Release|Any CPU.ActiveCfg = Release|Any CPU
    {A4E3E3C1-6C7A-4EE1-9B66-0B0E61B2E4B1}.Release|Any CPU.Build.0 = Release|Any CPU
    {84E6E4A3-152D-4F2D-A9D7-5FE63E2FCA03}.Debug|Any CPU.ActiveCfg = Debug|Any CPU
    {84E6E4A3-152D-4F2D-A9D7-5FE63E2FCA03}.Debug|Any CPU.Build.0 = Debug|Any CPU
    {84E6E4A3-152D-4F2D-A9D7-5FE63E2FCA03}.Release|Any CPU.ActiveCfg = Release|Any CPU
    {84E6E4A3-152D-4F2D-A9D7-5FE63E2FCA03}.Release|Any CPU.Build.0 = Release|Any CPU
    {E52A0E0B-5F1F-4C07-A4A3-08C5A9FEC5F2}.Debug|Any CPU.ActiveCfg = Debug|Any CPU
    {E52A0E0B-5F1F-4C07-A4A3-08C5A9FEC5F2}.Debug|Any CPU.Build.0 = Debug|Any CPU
    {E52A0E0B-5F1F-4C07-A4A3-08C5A9FEC5F2}.Release|Any CPU.ActiveCfg = Release|Any CPU
    {E52A0E0B-5F1F-4C07-A4A3-08C5A9FEC5F2}.Release|Any CPU.Build.0 = Release|Any CPU
    {1A6D7DF0-6B7B-4CBE-8EE2-142B9B3A68A4}.Debug|Any CPU.ActiveCfg = Debug|Any CPU
    {1A6D7DF0-6B7B-4CBE-8EE2-142B9B3A68A4}.Debug|Any CPU.Build.0 = Debug|Any CPU
    {1A6D7DF0-6B7B-4CBE-8EE2-142B9B3A68A4}.Release|Any CPU.ActiveCfg = Release|Any CPU
    {1A6D7DF0-6B7B-4CBE-8EE2-142B9B3A68A4}.Release|Any CPU.Build.0 = Release|Any CPU
    {0F5A3A4C-4E2F-4E4D-8D5A-0B74510C7E2B}.Debug|Any CPU.ActiveCfg = Debug|Any CPU
    {0F5A3A4C-4E2F-4E4D-8D5A-0B74510C7E2B}.Debug|Any CPU.Build.0 = Debug|Any CPU
    {0F5A3A4C-4E2F-4E4D-8D5A-0B74510C7E2B}.Release|Any CPU.ActiveCfg = Release|Any CPU
    {0F5A3A4C-4E2F-4E4D-8D5A-0B74510C7E2B}.Release|Any CPU.Build.0 = Release|Any CPU
  EndGlobalSection
EndGlobal
